<Solution><Project Path="src/MusicMachine.Core/MusicMachine.Core.csproj"/><Project Path="src/MusicMachine.Audio/MusicMachine.Audio.csproj"/><Project Path="src/MusicMachine.App/MusicMachine.App.csproj"/><Project Path="src/MusicMachine.Desktop/MusicMachine.Desktop.csproj"/><Project Path="tests/MusicMachine.Tests/MusicMachine.Tests.csproj"/><Project Path="src/MusicMachine.Browser/MusicMachine.Browser.csproj"/></Solution>
